
Microsoft Visual Studio Solution File, Format Version 12.00
# Visual Studio Version 16
VisualStudioVersion = 16.0.31702.278
MinimumVisualStudioVersion = 10.0.40219.1
Project("{9A19103F-16F7-4668-BE54-9A1E7A4F7556}") = "Romanian", "Romanian\Romanian.csproj", "{DB363360-9E89-437A-8715-2C47C407A14A}"
EndProject
Project("{9A19103F-16F7-4668-BE54-9A1E7A4F7556}") = "LastNames", "LastNames\LastNames.csproj", "{7FD9C2DC-E6FB-424D-BB8E-06638F3A0119}"
EndProject
Project("{FAE04EC0-301F-11D3-BF4B-00C04F79EFBC}") = "Vector", "Vector\Vector.csproj", "{2ABC0057-84B6-4543-8A67-A9298FE4DF71}"
EndProject
Global
	GlobalSection(SolutionConfigurationPlatforms) = preSolution
		Debug|Any CPU = Debug|Any CPU
		Release|Any CPU = Release|Any CPU
	EndGlobalSection
	GlobalSection(ProjectConfigurationPlatforms) = postSolution
		{DB363360-9E89-437A-8715-2C47C407A14A}.Debug|Any CPU.ActiveCfg = Debug|Any CPU
		{DB363360-9E89-437A-8715-2C47C407A14A}.Debug|Any CPU.Build.0 = Debug|Any CPU
		{DB363360-9E89-437A-8715-2C47C407A14A}.Release|Any CPU.ActiveCfg = Release|Any CPU
		{DB363360-9E89-437A-8715-2C47C407A14A}.Release|Any CPU.Build.0 = Release|Any CPU
		{7FD9C2DC-E6FB-424D-BB8E-06638F3A0119}.Debug|Any CPU.ActiveCfg = Debug|Any CPU
		{7FD9C2DC-E6FB-424D-BB8E-06638F3A0119}.Debug|Any CPU.Build.0 = Debug|Any CPU
		{7FD9C2DC-E6FB-424D-BB8E-06638F3A0119}.Release|Any CPU.ActiveCfg = Release|Any CPU
		{7FD9C2DC-E6FB-424D-BB8E-06638F3A0119}.Release|Any CPU.Build.0 = Release|Any CPU
		{2ABC0057-84B6-4543-8A67-A9298FE4DF71}.Debug|Any CPU.ActiveCfg = Debug|Any CPU
		{2ABC0057-84B6-4543-8A67-A9298FE4DF71}.Debug|Any CPU.Build.0 = Debug|Any CPU
		{2ABC0057-84B6-4543-8A67-A9298FE4DF71}.Release|Any CPU.ActiveCfg = Release|Any CPU
		{2ABC0057-84B6-4543-8A67-A9298FE4DF71}.Release|Any CPU.Build.0 = Release|Any CPU
	EndGlobalSection
	GlobalSection(SolutionProperties) = preSolution
		HideSolutionNode = FALSE
	EndGlobalSection
	GlobalSection(ExtensibilityGlobals) = postSolution
		SolutionGuid = {1B16B68E-168D-4DF9-A24C-764339F2FCCE}
	EndGlobalSection
EndGlobal
